
Microsoft Visual Studio Solution File, Format Version 12.00
# Visual Studio Version 16
VisualStudioVersion = 25.0.1706.11
MinimumVisualStudioVersion = 10.0.40219.1
Project("{FAE04EC0-301F-11D3-BF4B-00C04F79EFBC}") = "CryptoTokenBindingLibrary", "CryptoTokenBindingLibrary\CryptoTokenBindingLibrary.csproj", "{DA0EE0A2-D717-4A7D-ACE3-0DB4727D29F6}"
EndProject
Global
	GlobalSection(SolutionConfigurationPlatforms) = preSolution
		Debug|Any CPU = Debug|Any CPU
		Release|Any CPU = Release|Any CPU
	EndGlobalSection
	GlobalSection(ProjectConfigurationPlatforms) = postSolution
		{DA0EE0A2-D717-4A7D-ACE3-0DB4727D29F6}.Debug|Any CPU.ActiveCfg = Debug|Any CPU
		{DA0EE0A2-D717-4A7D-ACE3-0DB4727D29F6}.Debug|Any CPU.Build.0 = Debug|Any CPU
		{DA0EE0A2-D717-4A7D-ACE3-0DB4727D29F6}.Release|Any CPU.ActiveCfg = Release|Any CPU
		{DA0EE0A2-D717-4A7D-ACE3-0DB4727D29F6}.Release|Any CPU.Build.0 = Release|Any CPU
	EndGlobalSection
	GlobalSection(SolutionProperties) = preSolution
		HideSolutionNode = FALSE
	EndGlobalSection
	GlobalSection(ExtensibilityGlobals) = postSolution
		SolutionGuid = {320AC6D5-6921-4862-AF22-48EE19BF99E7}
	EndGlobalSection
EndGlobal
